
Microsoft Visual Studio Solution File, Format Version 12.00
# Visual Studio Version 17
VisualStudioVersion = 17.9.34728.123
MinimumVisualStudioVersion = 10.0.40219.1
Project("{FAE04EC0-301F-11D3-BF4B-00C04F79EFBC}") = "Api", "BlogEducation\Api.csproj", "{82C68CCA-C892-4C95-863D-633C1F9FBBCC}"
EndProject
Project("{FAE04EC0-301F-11D3-BF4B-00C04F79EFBC}") = "Web", "Web\Web.csproj", "{2ACD018B-BE7E-4214-A702-1EA734BCF911}"
EndProject
Project("{FAE04EC0-301F-11D3-BF4B-00C04F79EFBC}") = "DataAccess", "DataAccess\DataAccess.csproj", "{5EACC51B-8499-45E9-9811-9EB3AD8F0BE5}"
EndProject
Project("{FAE04EC0-301F-11D3-BF4B-00C04F79EFBC}") = "Buisenss", "Buisenss\Buisenss.csproj", "{8A2CF409-17FD-435D-B87A-2F3C7FEFFD03}"
EndProject
Project("{FAE04EC0-301F-11D3-BF4B-00C04F79EFBC}") = "Entity", "Entity\Entity.csproj", "{F2EA88A0-2758-4D48-A244-B373D0E50914}"
EndProject
Project("{FAE04EC0-301F-11D3-BF4B-00C04F79EFBC}") = "DataModel", "DataModel\DataModel.csproj", "{8E8CB243-CB4B-482F-A5C8-9250DF54A498}"
EndProject
Global
	GlobalSection(SolutionConfigurationPlatforms) = preSolution
		Debug|Any CPU = Debug|Any CPU
		Release|Any CPU = Release|Any CPU
	EndGlobalSection
	GlobalSection(ProjectConfigurationPlatforms) = postSolution
		{82C68CCA-C892-4C95-863D-633C1F9FBBCC}.Debug|Any CPU.ActiveCfg = Debug|Any CPU
		{82C68CCA-C892-4C95-863D-633C1F9FBBCC}.Debug|Any CPU.Build.0 = Debug|Any CPU
		{82C68CCA-C892-4C95-863D-633C1F9FBBCC}.Release|Any CPU.ActiveCfg = Release|Any CPU
		{82C68CCA-C892-4C95-863D-633C1F9FBBCC}.Release|Any CPU.Build.0 = Release|Any CPU
		{2ACD018B-BE7E-4214-A702-1EA734BCF911}.Debug|Any CPU.ActiveCfg = Debug|Any CPU
		{2ACD018B-BE7E-4214-A702-1EA734BCF911}.Debug|Any CPU.Build.0 = Debug|Any CPU
		{2ACD018B-BE7E-4214-A702-1EA734BCF911}.Release|Any CPU.ActiveCfg = Release|Any CPU
		{2ACD018B-BE7E-4214-A702-1EA734BCF911}.Release|Any CPU.Build.0 = Release|Any CPU
		{5EACC51B-8499-45E9-9811-9EB3AD8F0BE5}.Debug|Any CPU.ActiveCfg = Debug|Any CPU
		{5EACC51B-8499-45E9-9811-9EB3AD8F0BE5}.Debug|Any CPU.Build.0 = Debug|Any CPU
		{5EACC51B-8499-45E9-9811-9EB3AD8F0BE5}.Release|Any CPU.ActiveCfg = Release|Any CPU
		{5EACC51B-8499-45E9-9811-9EB3AD8F0BE5}.Release|Any CPU.Build.0 = Release|Any CPU
		{8A2CF409-17FD-435D-B87A-2F3C7FEFFD03}.Debug|Any CPU.ActiveCfg = Debug|Any CPU
		{8A2CF409-17FD-435D-B87A-2F3C7FEFFD03}.Debug|Any CPU.Build.0 = Debug|Any CPU
		{8A2CF409-17FD-435D-B87A-2F3C7FEFFD03}.Release|Any CPU.ActiveCfg = Release|Any CPU
		{8A2CF409-17FD-435D-B87A-2F3C7FEFFD03}.Release|Any CPU.Build.0 = Release|Any CPU
		{F2EA88A0-2758-4D48-A244-B373D0E50914}.Debug|Any CPU.ActiveCfg = Debug|Any CPU
		{F2EA88A0-2758-4D48-A244-B373D0E50914}.Debug|Any CPU.Build.0 = Debug|Any CPU
		{F2EA88A0-2758-4D48-A244-B373D0E50914}.Release|Any CPU.ActiveCfg = Release|Any CPU
		{F2EA88A0-2758-4D48-A244-B373D0E50914}.Release|Any CPU.Build.0 = Release|Any CPU
		{8E8CB243-CB4B-482F-A5C8-9250DF54A498}.Debug|Any CPU.ActiveCfg = Debug|Any CPU
		{8E8CB243-CB4B-482F-A5C8-9250DF54A498}.Debug|Any CPU.Build.0 = Debug|Any CPU
		{8E8CB243-CB4B-482F-A5C8-9250DF54A498}.Release|Any CPU.ActiveCfg = Release|Any CPU
		{8E8CB243-CB4B-482F-A5C8-9250DF54A498}.Release|Any CPU.Build.0 = Release|Any CPU
	EndGlobalSection
	GlobalSection(SolutionProperties) = preSolution
		HideSolutionNode = FALSE
	EndGlobalSection
	GlobalSection(ExtensibilityGlobals) = postSolution
		SolutionGuid = {B96F918A-9E5C-4EF8-AC53-7E4917072332}
	EndGlobalSection
EndGlobal
